Microsoft Visual Studio Solution File, Format Version 12.00
# Visual Studio 2015
Project("{2150E333-8FDC-42A3-9474-1A3956D46DE8}") = "(deps)", "E:gyp\deps", "{01DF18E8-89C6-A25E-0006-40F7C4BCED1B}"
EndProject
Project("{2150E333-8FDC-42A3-9474-1A3956D46DE8}") = "(uv)", "E:gyp\deps\uv", "{D5BF94E0-63A0-F682-FBE7-55B17AA44195}"
EndProject
Project("{8BC9CEB8-8B4A-11D0-8D11-00A0C91BC942}") = "libpomelo2", "libpomelo2.vcxproj", "{7033137C-14A2-469F-0D11-D545BDED8736}"
EndProject
Project("{8BC9CEB8-8B4A-11D0-8D11-00A0C91BC942}") = "libuv", "deps\uv\libuv.vcxproj", "{674B21F6-735E-5573-AE1F-4884F9201FF7}"
EndProject
Project("{8BC9CEB8-8B4A-11D0-8D11-00A0C91BC942}") = "openssl", "deps\openssl\openssl.vcxproj", "{CBC410B4-D89C-635C-2E7D-EDB1255836A7}"
EndProject
Project("{8BC9CEB8-8B4A-11D0-8D11-00A0C91BC942}") = "tr_dummy", "tr_dummy.vcxproj", "{9F7E78F2-02AD-CFF5-944D-A2A19F489CFC}"
	ProjectSection(ProjectDependencies) = postProject
		{674B21F6-735E-5573-AE1F-4884F9201FF7} = {674B21F6-735E-5573-AE1F-4884F9201FF7}
		{CBC410B4-D89C-635C-2E7D-EDB1255836A7} = {CBC410B4-D89C-635C-2E7D-EDB1255836A7}
		{7033137C-14A2-469F-0D11-D545BDED8736} = {7033137C-14A2-469F-0D11-D545BDED8736}
	EndProjectSection
EndProject
Project("{8BC9CEB8-8B4A-11D0-8D11-00A0C91BC942}") = "tr_tcp", "tr_tcp.vcxproj", "{A66DCFA1-D782-D98D-71AA-B4FF0FBFF49E}"
	ProjectSection(ProjectDependencies) = postProject
		{674B21F6-735E-5573-AE1F-4884F9201FF7} = {674B21F6-735E-5573-AE1F-4884F9201FF7}
		{CBC410B4-D89C-635C-2E7D-EDB1255836A7} = {CBC410B4-D89C-635C-2E7D-EDB1255836A7}
		{7033137C-14A2-469F-0D11-D545BDED8736} = {7033137C-14A2-469F-0D11-D545BDED8736}
	EndProjectSection
EndProject
Project("{8BC9CEB8-8B4A-11D0-8D11-00A0C91BC942}") = "tr_tls", "tr_tls.vcxproj", "{9C3A6F12-F514-F362-B77E-413396C3DC3E}"
	ProjectSection(ProjectDependencies) = postProject
		{674B21F6-735E-5573-AE1F-4884F9201FF7} = {674B21F6-735E-5573-AE1F-4884F9201FF7}
		{CBC410B4-D89C-635C-2E7D-EDB1255836A7} = {CBC410B4-D89C-635C-2E7D-EDB1255836A7}
		{7033137C-14A2-469F-0D11-D545BDED8736} = {7033137C-14A2-469F-0D11-D545BDED8736}
	EndProjectSection
EndProject
Global
	GlobalSection(SolutionConfigurationPlatforms) = preSolution
		Default|Win32 = Default|Win32
	EndGlobalSection
	GlobalSection(ProjectConfigurationPlatforms) = postSolution
		{674B21F6-735E-5573-AE1F-4884F9201FF7}.Default|Win32.ActiveCfg = Default|Win32
		{674B21F6-735E-5573-AE1F-4884F9201FF7}.Default|Win32.Build.0 = Default|Win32
		{7033137C-14A2-469F-0D11-D545BDED8736}.Default|Win32.ActiveCfg = Default|Win32
		{7033137C-14A2-469F-0D11-D545BDED8736}.Default|Win32.Build.0 = Default|Win32
		{9C3A6F12-F514-F362-B77E-413396C3DC3E}.Default|Win32.ActiveCfg = Default|Win32
		{9C3A6F12-F514-F362-B77E-413396C3DC3E}.Default|Win32.Build.0 = Default|Win32
		{9F7E78F2-02AD-CFF5-944D-A2A19F489CFC}.Default|Win32.ActiveCfg = Default|Win32
		{9F7E78F2-02AD-CFF5-944D-A2A19F489CFC}.Default|Win32.Build.0 = Default|Win32
		{A66DCFA1-D782-D98D-71AA-B4FF0FBFF49E}.Default|Win32.ActiveCfg = Default|Win32
		{A66DCFA1-D782-D98D-71AA-B4FF0FBFF49E}.Default|Win32.Build.0 = Default|Win32
		{CBC410B4-D89C-635C-2E7D-EDB1255836A7}.Default|Win32.ActiveCfg = Default|Win32
		{CBC410B4-D89C-635C-2E7D-EDB1255836A7}.Default|Win32.Build.0 = Default|Win32
	EndGlobalSection
	GlobalSection(SolutionProperties) = preSolution
		HideSolutionNode = FALSE
	EndGlobalSection
	GlobalSection(NestedProjects) = preSolution
		{D5BF94E0-63A0-F682-FBE7-55B17AA44195} = {01DF18E8-89C6-A25E-0006-40F7C4BCED1B}
		{CBC410B4-D89C-635C-2E7D-EDB1255836A7} = {01DF18E8-89C6-A25E-0006-40F7C4BCED1B}
		{674B21F6-735E-5573-AE1F-4884F9201FF7} = {D5BF94E0-63A0-F682-FBE7-55B17AA44195}
	EndGlobalSection
EndGlobal
